[[package]]
category = "main"
description = "ASGI specs, helper code, and adapters"
name = "asgiref"
optional = false
python-versions = ">=3.5"
version = "3.3.1"

[package.extras]
tests = ["pytest", "pytest-asyncio"]

[[package]]
category = "main"
description = "A high-level Python Web framework that encourages rapid development and clean, pragmatic design."
name = "django"
optional = false
python-versions = ">=3.6"
version = "3.1.5"

[package.dependencies]
asgiref = ">=3.2.10,<4"
pytz = "*"
sqlparse = ">=0.2.2"

[package.extras]
argon2 = ["argon2-cffi (>=16.1.0)"]
bcrypt = ["bcrypt"]

[[package]]
category = "main"
description = "Django-filter is a reusable Django application for allowing users to filter querysets dynamically."
name = "django-filter"
optional = false
python-versions = ">=3.5"
version = "2.4.0"

[package.dependencies]
Django = ">=2.2"

[[package]]
category = "main"
description = "A Django utility application that returns client's real IP address"
name = "django-ipware"
optional = false
python-versions = "*"
version = "3.0.2"

[[package]]
category = "main"
description = "An international phone number field for django models."
name = "django-phonenumber-field"
optional = false
python-versions = ">=3.5"
version = "5.0.0"

[package.dependencies]
Django = ">=2.2"

[package.extras]
phonenumbers = ["phonenumbers (>=7.0.2)"]
phonenumberslite = ["phonenumberslite (>=7.0.2)"]

[[package]]
category = "main"
description = "Modified Django FileResponse that adds Content-Range headers."
name = "django-ranged-response"
optional = false
python-versions = "*"
version = "0.2.0"

[package.dependencies]
django = "*"

[[package]]
category = "main"
description = "Secure authentication by TOTP, SMS, Codes & Question"
name = "django-secure-auth"
optional = false
python-versions = "*"
version = "1.3.3.2"

[package.dependencies]
django-filter = ">=0.7"
django-ipware = ">=0.0.8"
django-phonenumber-field = ">=0.5"
django-simple-captcha = ">=0.4.2"
django-tables2 = ">=0.14.0"
httpagentparser = ">=1.5.0"
ipaddress = ">=1.0.6"
phonenumbers = ">=6.1.0"
pyotp = ">=1.3.1"
slowaes = "0.1a1"

[[package]]
category = "main"
description = "A very simple, yet powerful, Django captcha application"
name = "django-simple-captcha"
optional = false
python-versions = "*"
version = "0.5.13"

[package.dependencies]
Django = ">=2.2"
Pillow = ">=6.2.0"
django-ranged-response = "0.2.0"
six = ">=1.2.0"

[package.extras]
test = ["testfixtures"]

[[package]]
category = "main"
description = "Table/data-grid framework for Django"
name = "django-tables2"
optional = false
python-versions = "*"
version = "2.3.4"

[package.dependencies]
Django = ">=1.11"

[package.extras]
tablib = ["tablib"]

[[package]]
category = "main"
description = "Extracts OS Browser etc information from http user agent string"
name = "httpagentparser"
optional = false
python-versions = "*"
version = "1.9.1"

[[package]]
category = "main"
description = "IPv4/IPv6 manipulation library"
name = "ipaddress"
optional = false
python-versions = "*"
version = "1.0.23"

[[package]]
category = "main"
description = "Working with numbers (primes, modular, etc.)"
name = "libnum"
optional = false
python-versions = ">=3.4,<4.0"
version = "1.7.1"

[[package]]
category = "main"
description = "Python version of Google's common library for parsing, formatting, storing and validating international phone numbers."
name = "phonenumbers"
optional = false
python-versions = "*"
version = "8.12.16"

[[package]]
category = "main"
description = "Python Imaging Library (Fork)"
name = "pillow"
optional = false
python-versions = ">=3.6"
version = "8.1.0"

[[package]]
category = "main"
description = "Python One Time Password Library"
name = "pyotp"
optional = false
python-versions = "*"
version = "2.4.1"

[[package]]
category = "main"
description = "World timezone definitions, modern and historical"
name = "pytz"
optional = false
python-versions = "*"
version = "2020.5"

[[package]]
category = "main"
description = "Python 2 and 3 compatibility utilities"
name = "six"
optional = false
python-versions = ">=2.7, !=3.0.*, !=3.1.*, !=3.2.*"
version = "1.15.0"

[[package]]
category = "main"
description = "implementation of AES in Python"
name = "slowaes"
optional = false
python-versions = "*"
version = "0.1a1"

[[package]]
category = "main"
description = "A non-validating SQL parser."
name = "sqlparse"
optional = false
python-versions = ">=3.5"
version = "0.4.1"

[metadata]
content-hash = "9f9b53393dd11c8adf854ceb4d20a9617e172ad8e232d97c3f4e81fda862b387"
python-versions = "^3.8"

[metadata.files]
asgiref = [
    {file = "asgiref-3.3.1-py3-none-any.whl", hash = "sha256:5ee950735509d04eb673bd7f7120f8fa1c9e2df495394992c73234d526907e17"},
    {file = "asgiref-3.3.1.tar.gz", hash = "sha256:7162a3cb30ab0609f1a4c95938fd73e8604f63bdba516a7f7d64b83ff09478f0"},
]
django = [
    {file = "Django-3.1.5-py3-none-any.whl", hash = "sha256:efa2ab96b33b20c2182db93147a0c3cd7769d418926f9e9f140a60dca7c64ca9"},
    {file = "Django-3.1.5.tar.gz", hash = "sha256:2d78425ba74c7a1a74b196058b261b9733a8570782f4e2828974777ccca7edf7"},
]
django-filter = [
    {file = "django-filter-2.4.0.tar.gz", hash = "sha256:84e9d5bb93f237e451db814ed422a3a625751cbc9968b484ecc74964a8696b06"},
    {file = "django_filter-2.4.0-py3-none-any.whl", hash = "sha256:e00d32cebdb3d54273c48f4f878f898dced8d5dfaad009438fe61ebdf535ace1"},
]
django-ipware = [
    {file = "django-ipware-3.0.2.tar.gz", hash = "sha256:c7df8e1410a8e5d6b1fbae58728402ea59950f043c3582e033e866f0f0cf5e94"},
]
django-phonenumber-field = [
    {file = "django-phonenumber-field-5.0.0.tar.gz", hash = "sha256:1eb7af3a108744665f7c3939d38aa15b3728c57d13d45d656b0a2aa11e8cdc3c"},
    {file = "django_phonenumber_field-5.0.0-py3-none-any.whl", hash = "sha256:adb46905cc4ecb19d8494424e1c4352f24946bb472340a2a17257d44bf8228e6"},
]
django-ranged-response = [
    {file = "django-ranged-response-0.2.0.tar.gz", hash = "sha256:f71fff352a37316b9bead717fc76e4ddd6c9b99c4680cdf4783b9755af1cf985"},
]
django-secure-auth = [
    {file = "django-secure-auth-1.3.3.2.tar.gz", hash = "sha256:41f0532967b9d076ef5914a0833d098044278e7ed8d71bc40cc79cc8899fea6d"},
    {file = "django_secure_auth-1.3.3.2-py2-none-any.whl", hash = "sha256:e492dc9452d54df8427815dc22c7101d62ee995feb3af420f97ab5b350642a60"},
]
django-simple-captcha = [
    {file = "django-simple-captcha-0.5.13.zip", hash = "sha256:5e43ba3b61daf690ac0319157837bb57e31df8bddbdc9a59ef42ef1a99e21fa2"},
    {file = "django_simple_captcha-0.5.13-py3.7.egg", hash = "sha256:5eadf52966962d95e256741c64e44a4682ffe68d6cccc6470e0fa796f40ca8c0"},
]
django-tables2 = [
    {file = "django-tables2-2.3.4.tar.gz", hash = "sha256:50ccadbd13740a996d8a4d4f144ef80134745cd0b5ec278061537e341f5ef7a2"},
    {file = "django_tables2-2.3.4-py2.py3-none-any.whl", hash = "sha256:af5f70a9845fd8690c6b44120b065e55b9771cae99c1dcd0eb4f1cfa3f0a71e4"},
]
httpagentparser = [
    {file = "httpagentparser-1.9.1.tar.gz", hash = "sha256:ef763d31993dd761825acee6c8b34be32b95cf1675d1c73c3cd35f9e52831b26"},
]
ipaddress = [
    {file = "ipaddress-1.0.23-py2.py3-none-any.whl", hash = "sha256:6e0f4a39e66cb5bb9a137b00276a2eff74f93b71dcbdad6f10ff7df9d3557fcc"},
    {file = "ipaddress-1.0.23.tar.gz", hash = "sha256:b7f8e0369580bb4a24d5ba1d7cc29660a4a6987763faf1d8a8046830e020e7e2"},
]
libnum = [
    {file = "libnum-1.7.1-py3-none-any.whl", hash = "sha256:eb56a64397e68571795792a6732102387dd74d16596a115e03c3d0215149fa35"},
    {file = "libnum-1.7.1.tar.gz", hash = "sha256:c13d0001c8e67d0e310e36f16b59c14114840b718888a613e17ad36c6ecc9422"},
]
phonenumbers = [
    {file = "phonenumbers-8.12.16-py2.py3-none-any.whl", hash = "sha256:56ad29025b8f885945506350b06d77afbc506c5463141d77a5df767280a7ee0b"},
    {file = "phonenumbers-8.12.16.tar.gz", hash = "sha256:a820ab08c980ef24a2d2a1ead4f8d7016fdf008e484d1aecf7ff0b32cc475e16"},
]
pillow = [
    {file = "Pillow-8.1.0-cp36-cp36m-macosx_10_10_x86_64.whl", hash = "sha256:d355502dce85ade85a2511b40b4c61a128902f246504f7de29bbeec1ae27933a"},
    {file = "Pillow-8.1.0-cp36-cp36m-manylinux1_i686.whl", hash = "sha256:93a473b53cc6e0b3ce6bf51b1b95b7b1e7e6084be3a07e40f79b42e83503fbf2"},
    {file = "Pillow-8.1.0-cp36-cp36m-manylinux1_x86_64.whl", hash = "sha256:2353834b2c49b95e1313fb34edf18fca4d57446675d05298bb694bca4b194174"},
    {file = "Pillow-8.1.0-cp36-cp36m-manylinux2014_aarch64.whl", hash = "sha256:1d208e670abfeb41b6143537a681299ef86e92d2a3dac299d3cd6830d5c7bded"},
    {file = "Pillow-8.1.0-cp36-cp36m-win32.whl", hash = "sha256:dd9eef866c70d2cbbea1ae58134eaffda0d4bfea403025f4db6859724b18ab3d"},
    {file = "Pillow-8.1.0-cp36-cp36m-win_amd64.whl", hash = "sha256:b09e10ec453de97f9a23a5aa5e30b334195e8d2ddd1ce76cc32e52ba63c8b31d"},
    {file = "Pillow-8.1.0-cp37-cp37m-macosx_10_10_x86_64.whl", hash = "sha256:b02a0b9f332086657852b1f7cb380f6a42403a6d9c42a4c34a561aa4530d5234"},
    {file = "Pillow-8.1.0-cp37-cp37m-manylinux1_i686.whl", hash = "sha256:ca20739e303254287138234485579b28cb0d524401f83d5129b5ff9d606cb0a8"},
    {file = "Pillow-8.1.0-cp37-cp37m-manylinux1_x86_64.whl", hash = "sha256:604815c55fd92e735f9738f65dabf4edc3e79f88541c221d292faec1904a4b17"},
    {file = "Pillow-8.1.0-cp37-cp37m-manylinux2014_aarch64.whl", hash = "sha256:cf6e33d92b1526190a1de904df21663c46a456758c0424e4f947ae9aa6088bf7"},
    {file = "Pillow-8.1.0-cp37-cp37m-win32.whl", hash = "sha256:47c0d93ee9c8b181f353dbead6530b26980fe4f5485aa18be8f1fd3c3cbc685e"},
    {file = "Pillow-8.1.0-cp37-cp37m-win_amd64.whl", hash = "sha256:96d4dc103d1a0fa6d47c6c55a47de5f5dafd5ef0114fa10c85a1fd8e0216284b"},
    {file = "Pillow-8.1.0-cp38-cp38-macosx_10_10_x86_64.whl", hash = "sha256:7916cbc94f1c6b1301ac04510d0881b9e9feb20ae34094d3615a8a7c3db0dcc0"},
    {file = "Pillow-8.1.0-cp38-cp38-manylinux1_i686.whl", hash = "sha256:3de6b2ee4f78c6b3d89d184ade5d8fa68af0848f9b6b6da2b9ab7943ec46971a"},
    {file = "Pillow-8.1.0-cp38-cp38-manylinux1_x86_64.whl", hash = "sha256:cdbbe7dff4a677fb555a54f9bc0450f2a21a93c5ba2b44e09e54fcb72d2bd13d"},
    {file = "Pillow-8.1.0-cp38-cp38-manylinux2014_aarch64.whl", hash = "sha256:f50e7a98b0453f39000619d845be8b06e611e56ee6e8186f7f60c3b1e2f0feae"},
    {file = "Pillow-8.1.0-cp38-cp38-win32.whl", hash = "sha256:cb192176b477d49b0a327b2a5a4979552b7a58cd42037034316b8018ac3ebb59"},
    {file = "Pillow-8.1.0-cp38-cp38-win_amd64.whl", hash = "sha256:6c5275bd82711cd3dcd0af8ce0bb99113ae8911fc2952805f1d012de7d600a4c"},
    {file = "Pillow-8.1.0-cp39-cp39-macosx_10_10_x86_64.whl", hash = "sha256:165c88bc9d8dba670110c689e3cc5c71dbe4bfb984ffa7cbebf1fac9554071d6"},
    {file = "Pillow-8.1.0-cp39-cp39-manylinux1_i686.whl", hash = "sha256:5e2fe3bb2363b862671eba632537cd3a823847db4d98be95690b7e382f3d6378"},
    {file = "Pillow-8.1.0-cp39-cp39-manylinux1_x86_64.whl", hash = "sha256:7612520e5e1a371d77e1d1ca3a3ee6227eef00d0a9cddb4ef7ecb0b7396eddf7"},
    {file = "Pillow-8.1.0-cp39-cp39-manylinux2014_aarch64.whl", hash = "sha256:d673c4990acd016229a5c1c4ee8a9e6d8f481b27ade5fc3d95938697fa443ce0"},
    {file = "Pillow-8.1.0-cp39-cp39-win32.whl", hash = "sha256:dc577f4cfdda354db3ae37a572428a90ffdbe4e51eda7849bf442fb803f09c9b"},
    {file = "Pillow-8.1.0-cp39-cp39-win_amd64.whl", hash = "sha256:22d070ca2e60c99929ef274cfced04294d2368193e935c5d6febfd8b601bf865"},
    {file = "Pillow-8.1.0-pp36-pypy36_pp73-macosx_10_10_x86_64.whl", hash = "sha256:a3d3e086474ef12ef13d42e5f9b7bbf09d39cf6bd4940f982263d6954b13f6a9"},
    {file = "Pillow-8.1.0-pp36-pypy36_pp73-manylinux2010_i686.whl", hash = "sha256:731ca5aabe9085160cf68b2dbef95fc1991015bc0a3a6ea46a371ab88f3d0913"},
    {file = "Pillow-8.1.0-pp36-pypy36_pp73-manylinux2010_x86_64.whl", hash = "sha256:bba80df38cfc17f490ec651c73bb37cd896bc2400cfba27d078c2135223c1206"},
    {file = "Pillow-8.1.0-pp37-pypy37_pp73-macosx_10_10_x86_64.whl", hash = "sha256:c3d911614b008e8a576b8e5303e3db29224b455d3d66d1b2848ba6ca83f9ece9"},
    {file = "Pillow-8.1.0-pp37-pypy37_pp73-manylinux2010_i686.whl", hash = "sha256:39725acf2d2e9c17356e6835dccebe7a697db55f25a09207e38b835d5e1bc032"},
    {file = "Pillow-8.1.0-pp37-pypy37_pp73-manylinux2010_x86_64.whl", hash = "sha256:81c3fa9a75d9f1afafdb916d5995633f319db09bd773cb56b8e39f1e98d90820"},
    {file = "Pillow-8.1.0-pp37-pypy37_pp73-win32.whl", hash = "sha256:b6f00ad5ebe846cc91763b1d0c6d30a8042e02b2316e27b05de04fa6ec831ec5"},
    {file = "Pillow-8.1.0.tar.gz", hash = "sha256:887668e792b7edbfb1d3c9d8b5d8c859269a0f0eba4dda562adb95500f60dbba"},
]
pyotp = [
    {file = "pyotp-2.4.1-py2.py3-none-any.whl", hash = "sha256:ef07c393660529261e66902e788b32e46260d2c29eb740978df778260a1c2b4c"},
    {file = "pyotp-2.4.1.tar.gz", hash = "sha256:038a3f70b34eaad3f72459e8b411662ef8dfcdd95f7d9203fa489e987a75584b"},
]
pytz = [
    {file = "pytz-2020.5-py2.py3-none-any.whl", hash = "sha256:16962c5fb8db4a8f63a26646d8886e9d769b6c511543557bc84e9569fb9a9cb4"},
    {file = "pytz-2020.5.tar.gz", hash = "sha256:180befebb1927b16f6b57101720075a984c019ac16b1b7575673bea42c6c3da5"},
]
six = [
    {file = "six-1.15.0-py2.py3-none-any.whl", hash = "sha256:8b74bedcbbbaca38ff6d7491d76f2b06b3592611af620f8426e82dddb04a5ced"},
    {file = "six-1.15.0.tar.gz", hash = "sha256:30639c035cdb23534cd4aa2dd52c3bf48f06e5f4a941509c8bafd8ce11080259"},
]
slowaes = [
    {file = "slowaes-0.1a1-py2.4.egg", hash = "sha256:ef9bf8d55432db6533cc9f81c188a9ce6a431d676fa3b3d743e222472729dab9"},
    {file = "slowaes-0.1a1-py2.5.egg", hash = "sha256:6c06add7a631de1f9232a2c8abdebceca3cf56e9da1fab595f031182a5fbb60e"},
    {file = "slowaes-0.1a1-py2.6.egg", hash = "sha256:ac2eb40ad753a811a91aa0bbcd0c02751bcb0db6febffeed7f3c0b088fc211cf"},
    {file = "slowaes-0.1a1.tar.gz", hash = "sha256:83658ae54cc116b96f7fdb12fdd0efac3a4e8c7c7064e3fac3f4a881aa54bf09"},
]
sqlparse = [
    {file = "sqlparse-0.4.1-py3-none-any.whl", hash = "sha256:017cde379adbd6a1f15a61873f43e8274179378e95ef3fede90b5aa64d304ed0"},
    {file = "sqlparse-0.4.1.tar.gz", hash = "sha256:0f91fd2e829c44362cbcfab3e9ae12e22badaa8a29ad5ff599f9ec109f0454e8"},
]
